
Microsoft Visual Studio Solution File, Format Version 12.00
# Visual Studio Version 16
VisualStudioVersion = 16.0.29209.62
MinimumVisualStudioVersion = 10.0.40219.1
Project("{2150E333-8FDC-42A3-9474-1A3956D46DE8}") = "src", "src", "{D276D9D9-D2D7-48BF-85E4-59BD46F0DF07}"
EndProject
Project("{9A19103F-16F7-4668-BE54-9A1E7A4F7556}") = "Shop", "src\Shop\Shop.csproj", "{D1ABA601-8738-466D-A015-8F690C7D0CF3}"
EndProject
Project("{9A19103F-16F7-4668-BE54-9A1E7A4F7556}") = "CheckoutSimulator", "src\CheckoutSimulatorConsole\CheckoutSimulator\CheckoutSimulator.csproj", "{4A6E0453-9EB5-43AE-8A5A-68DB6810C2E3}"
EndProject
Project("{FAE04EC0-301F-11D3-BF4B-00C04F79EFBC}") = "test for all", "test for all\test for all.csproj", "{013B13D7-067B-4E44-9265-9412B1CADF13}"
EndProject
Global
	GlobalSection(SolutionConfigurationPlatforms) = preSolution
		Debug|Any CPU = Debug|Any CPU
		Release|Any CPU = Release|Any CPU
	EndGlobalSection
	GlobalSection(ProjectConfigurationPlatforms) = postSolution
		{D1ABA601-8738-466D-A015-8F690C7D0CF3}.Debug|Any CPU.ActiveCfg = Debug|Any CPU
		{D1ABA601-8738-466D-A015-8F690C7D0CF3}.Debug|Any CPU.Build.0 = Debug|Any CPU
		{D1ABA601-8738-466D-A015-8F690C7D0CF3}.Release|Any CPU.ActiveCfg = Release|Any CPU
		{D1ABA601-8738-466D-A015-8F690C7D0CF3}.Release|Any CPU.Build.0 = Release|Any CPU
		{4A6E0453-9EB5-43AE-8A5A-68DB6810C2E3}.Debug|Any CPU.ActiveCfg = Debug|Any CPU
		{4A6E0453-9EB5-43AE-8A5A-68DB6810C2E3}.Debug|Any CPU.Build.0 = Debug|Any CPU
		{4A6E0453-9EB5-43AE-8A5A-68DB6810C2E3}.Release|Any CPU.ActiveCfg = Release|Any CPU
		{4A6E0453-9EB5-43AE-8A5A-68DB6810C2E3}.Release|Any CPU.Build.0 = Release|Any CPU
		{013B13D7-067B-4E44-9265-9412B1CADF13}.Debug|Any CPU.ActiveCfg = Debug|Any CPU
		{013B13D7-067B-4E44-9265-9412B1CADF13}.Debug|Any CPU.Build.0 = Debug|Any CPU
		{013B13D7-067B-4E44-9265-9412B1CADF13}.Release|Any CPU.ActiveCfg = Release|Any CPU
		{013B13D7-067B-4E44-9265-9412B1CADF13}.Release|Any CPU.Build.0 = Release|Any CPU
	EndGlobalSection
	GlobalSection(SolutionProperties) = preSolution
		HideSolutionNode = FALSE
	EndGlobalSection
	GlobalSection(NestedProjects) = preSolution
		{D1ABA601-8738-466D-A015-8F690C7D0CF3} = {D276D9D9-D2D7-48BF-85E4-59BD46F0DF07}
		{4A6E0453-9EB5-43AE-8A5A-68DB6810C2E3} = {D276D9D9-D2D7-48BF-85E4-59BD46F0DF07}
	EndGlobalSection
	GlobalSection(ExtensibilityGlobals) = postSolution
		SolutionGuid = {28DF68C2-41AA-46E4-9BCE-731F6EB8F5B8}
	EndGlobalSection
EndGlobal
