
Microsoft Visual Studio Solution File, Format Version 12.00
# Visual Studio Version 16
VisualStudioVersion = 16.0.29209.62
MinimumVisualStudioVersion = 10.0.40219.1
Project("{2150E333-8FDC-42A3-9474-1A3956D46DE8}") = "src", "src", "{D276D9D9-D2D7-48BF-85E4-59BD46F0DF07}"
EndProject
Project("{2150E333-8FDC-42A3-9474-1A3956D46DE8}") = "tests", "tests", "{2968199B-E9A1-446A-90CF-313A4302EA0F}"
EndProject
Project("{9A19103F-16F7-4668-BE54-9A1E7A4F7556}") = "Shop", "src\Shop\Shop.csproj", "{A7D056A1-7327-4498-86A2-11A865D8EB55}"
EndProject
Project("{FAE04EC0-301F-11D3-BF4B-00C04F79EFBC}") = "Checkout", "src\Checkout\Checkout.csproj", "{363AEE62-3CC9-4616-AFA4-C390898805D2}"
EndProject
Project("{FAE04EC0-301F-11D3-BF4B-00C04F79EFBC}") = "DataAccess", "src\DataAccess\DataAccess.csproj", "{6EAF921A-8FB8-41B9-9F80-225D1E5D8250}"
EndProject
Project("{FAE04EC0-301F-11D3-BF4B-00C04F79EFBC}") = "Shop.Tests", "Shop.Tests\Shop.Tests.csproj", "{3B3320FB-8895-422E-BEA3-3E2DDE8C4E25}"
EndProject
Global
	GlobalSection(SolutionConfigurationPlatforms) = preSolution
		Debug|Any CPU = Debug|Any CPU
		Release|Any CPU = Release|Any CPU
	EndGlobalSection
	GlobalSection(ProjectConfigurationPlatforms) = postSolution
		{A7D056A1-7327-4498-86A2-11A865D8EB55}.Debug|Any CPU.ActiveCfg = Debug|Any CPU
		{A7D056A1-7327-4498-86A2-11A865D8EB55}.Debug|Any CPU.Build.0 = Debug|Any CPU
		{A7D056A1-7327-4498-86A2-11A865D8EB55}.Release|Any CPU.ActiveCfg = Release|Any CPU
		{A7D056A1-7327-4498-86A2-11A865D8EB55}.Release|Any CPU.Build.0 = Release|Any CPU
		{363AEE62-3CC9-4616-AFA4-C390898805D2}.Debug|Any CPU.ActiveCfg = Debug|Any CPU
		{363AEE62-3CC9-4616-AFA4-C390898805D2}.Debug|Any CPU.Build.0 = Debug|Any CPU
		{363AEE62-3CC9-4616-AFA4-C390898805D2}.Release|Any CPU.ActiveCfg = Release|Any CPU
		{363AEE62-3CC9-4616-AFA4-C390898805D2}.Release|Any CPU.Build.0 = Release|Any CPU
		{6EAF921A-8FB8-41B9-9F80-225D1E5D8250}.Debug|Any CPU.ActiveCfg = Debug|Any CPU
		{6EAF921A-8FB8-41B9-9F80-225D1E5D8250}.Debug|Any CPU.Build.0 = Debug|Any CPU
		{6EAF921A-8FB8-41B9-9F80-225D1E5D8250}.Release|Any CPU.ActiveCfg = Release|Any CPU
		{6EAF921A-8FB8-41B9-9F80-225D1E5D8250}.Release|Any CPU.Build.0 = Release|Any CPU
		{3B3320FB-8895-422E-BEA3-3E2DDE8C4E25}.Debug|Any CPU.ActiveCfg = Debug|Any CPU
		{3B3320FB-8895-422E-BEA3-3E2DDE8C4E25}.Debug|Any CPU.Build.0 = Debug|Any CPU
		{3B3320FB-8895-422E-BEA3-3E2DDE8C4E25}.Release|Any CPU.ActiveCfg = Release|Any CPU
		{3B3320FB-8895-422E-BEA3-3E2DDE8C4E25}.Release|Any CPU.Build.0 = Release|Any CPU
	EndGlobalSection
	GlobalSection(SolutionProperties) = preSolution
		HideSolutionNode = FALSE
	EndGlobalSection
	GlobalSection(NestedProjects) = preSolution
		{A7D056A1-7327-4498-86A2-11A865D8EB55} = {D276D9D9-D2D7-48BF-85E4-59BD46F0DF07}
		{363AEE62-3CC9-4616-AFA4-C390898805D2} = {D276D9D9-D2D7-48BF-85E4-59BD46F0DF07}
		{6EAF921A-8FB8-41B9-9F80-225D1E5D8250} = {D276D9D9-D2D7-48BF-85E4-59BD46F0DF07}
		{3B3320FB-8895-422E-BEA3-3E2DDE8C4E25} = {2968199B-E9A1-446A-90CF-313A4302EA0F}
	EndGlobalSection
	GlobalSection(ExtensibilityGlobals) = postSolution
		SolutionGuid = {28DF68C2-41AA-46E4-9BCE-731F6EB8F5B8}
	EndGlobalSection
EndGlobal
